
Microsoft Visual Studio Solution File, Format Version 12.00
# Visual Studio Version 16
VisualStudioVersion = 16.0.31205.134
MinimumVisualStudioVersion = 10.0.40219.1
Project("{FAE04EC0-301F-11D3-BF4B-00C04F79EFBC}") = "Hometask_Unit4", "Hometask_Unit4\Hometask_Unit4.csproj", "{5D55EADC-4703-43E3-9755-3C4A20E9DD71}"
EndProject
Global
	GlobalSection(SolutionConfigurationPlatforms) = preSolution
		Debug|Any CPU = Debug|Any CPU
		Release|Any CPU = Release|Any CPU
	EndGlobalSection
	GlobalSection(ProjectConfigurationPlatforms) = postSolution
		{5D55EADC-4703-43E3-9755-3C4A20E9DD71}.Debug|Any CPU.ActiveCfg = Debug|Any CPU
		{5D55EADC-4703-43E3-9755-3C4A20E9DD71}.Debug|Any CPU.Build.0 = Debug|Any CPU
		{5D55EADC-4703-43E3-9755-3C4A20E9DD71}.Release|Any CPU.ActiveCfg = Release|Any CPU
		{5D55EADC-4703-43E3-9755-3C4A20E9DD71}.Release|Any CPU.Build.0 = Release|Any CPU
	EndGlobalSection
	GlobalSection(SolutionProperties) = preSolution
		HideSolutionNode = FALSE
	EndGlobalSection
	GlobalSection(ExtensibilityGlobals) = postSolution
		SolutionGuid = {29AF4488-6930-4FC4-AAF3-F27766A22A00}
	EndGlobalSection
EndGlobal
